
Microsoft Visual Studio Solution File, Format Version 12.00
# Visual Studio Version 17
VisualStudioVersion = 17.8.34601.278
MinimumVisualStudioVersion = 10.0.40219.1
Project("{FAE04EC0-301F-11D3-BF4B-00C04F79EFBC}") = "C#-Thread-Files", "C#-Thread-Files\C#-Thread-Files.csproj", "{DA2920BA-3DCC-42D4-8663-521B947AD5BB}"
EndProject
Global
	GlobalSection(SolutionConfigurationPlatforms) = preSolution
		Debug|Any CPU = Debug|Any CPU
		Release|Any CPU = Release|Any CPU
	EndGlobalSection
	GlobalSection(ProjectConfigurationPlatforms) = postSolution
		{DA2920BA-3DCC-42D4-8663-521B947AD5BB}.Debug|Any CPU.ActiveCfg = Debug|Any CPU
		{DA2920BA-3DCC-42D4-8663-521B947AD5BB}.Debug|Any CPU.Build.0 = Debug|Any CPU
		{DA2920BA-3DCC-42D4-8663-521B947AD5BB}.Release|Any CPU.ActiveCfg = Release|Any CPU
		{DA2920BA-3DCC-42D4-8663-521B947AD5BB}.Release|Any CPU.Build.0 = Release|Any CPU
	EndGlobalSection
	GlobalSection(SolutionProperties) = preSolution
		HideSolutionNode = FALSE
	EndGlobalSection
	GlobalSection(ExtensibilityGlobals) = postSolution
		SolutionGuid = {5733E8F7-71E0-4BDF-9DF6-B6BE3CA474B0}
	EndGlobalSection
EndGlobal
